
Microsoft Visual Studio Solution File, Format Version 12.00
# Visual Studio Version 16
VisualStudioVersion = 16.0.31129.286
MinimumVisualStudioVersion = 10.0.40219.1
Project("{FAE04EC0-301F-11D3-BF4B-00C04F79EFBC}") = "Ch02Ex1", "Ch02Ex1\Ch02Ex1.csproj", "{4BA410AF-8322-40AB-A5BE-6DE128987EEC}"
EndProject
Global
	GlobalSection(SolutionConfigurationPlatforms) = preSolution
		Debug|Any CPU = Debug|Any CPU
		Release|Any CPU = Release|Any CPU
	EndGlobalSection
	GlobalSection(ProjectConfigurationPlatforms) = postSolution
		{4BA410AF-8322-40AB-A5BE-6DE128987EEC}.Debug|Any CPU.ActiveCfg = Debug|Any CPU
		{4BA410AF-8322-40AB-A5BE-6DE128987EEC}.Debug|Any CPU.Build.0 = Debug|Any CPU
		{4BA410AF-8322-40AB-A5BE-6DE128987EEC}.Release|Any CPU.ActiveCfg = Release|Any CPU
		{4BA410AF-8322-40AB-A5BE-6DE128987EEC}.Release|Any CPU.Build.0 = Release|Any CPU
	EndGlobalSection
	GlobalSection(SolutionProperties) = preSolution
		HideSolutionNode = FALSE
	EndGlobalSection
	GlobalSection(ExtensibilityGlobals) = postSolution
		SolutionGuid = {DDCCFBED-CF92-4A88-A36F-B6889AE2A87F}
	EndGlobalSection
EndGlobal
