
Microsoft Visual Studio Solution File, Format Version 12.00
# Visual Studio Version 16
VisualStudioVersion = 16.0.31129.286
MinimumVisualStudioVersion = 10.0.40219.1
Project("{FAE04EC0-301F-11D3-BF4B-00C04F79EFBC}") = "RestaurantApp", "RestaurantApp\RestaurantApp.csproj", "{262502EA-6007-481A-85D4-5B289B4C2CF9}"
EndProject
Global
	GlobalSection(SolutionConfigurationPlatforms) = preSolution
		Debug|Any CPU = Debug|Any CPU
		Release|Any CPU = Release|Any CPU
	EndGlobalSection
	GlobalSection(ProjectConfigurationPlatforms) = postSolution
		{262502EA-6007-481A-85D4-5B289B4C2CF9}.Debug|Any CPU.ActiveCfg = Debug|Any CPU
		{262502EA-6007-481A-85D4-5B289B4C2CF9}.Debug|Any CPU.Build.0 = Debug|Any CPU
		{262502EA-6007-481A-85D4-5B289B4C2CF9}.Release|Any CPU.ActiveCfg = Release|Any CPU
		{262502EA-6007-481A-85D4-5B289B4C2CF9}.Release|Any CPU.Build.0 = Release|Any CPU
	EndGlobalSection
	GlobalSection(SolutionProperties) = preSolution
		HideSolutionNode = FALSE
	EndGlobalSection
	GlobalSection(ExtensibilityGlobals) = postSolution
		SolutionGuid = {1BA32431-209F-4860-845F-6ADA42DE6C10}
	EndGlobalSection
EndGlobal
