
Microsoft Visual Studio Solution File, Format Version 12.00
# Visual Studio Version 16
VisualStudioVersion = 16.0.31410.357
MinimumVisualStudioVersion = 10.0.40219.1
Project("{FAE04EC0-301F-11D3-BF4B-00C04F79EFBC}") = "ProgrammingChallenge", "ProgrammingChallenge\ProgrammingChallenge.csproj", "{BDEEDE32-6E16-4E92-B714-DFEF2CC1E3A5}"
EndProject
Global
	GlobalSection(SolutionConfigurationPlatforms) = preSolution
		Debug|Any CPU = Debug|Any CPU
		Release|Any CPU = Release|Any CPU
	EndGlobalSection
	GlobalSection(ProjectConfigurationPlatforms) = postSolution
		{BDEEDE32-6E16-4E92-B714-DFEF2CC1E3A5}.Debug|Any CPU.ActiveCfg = Debug|Any CPU
		{BDEEDE32-6E16-4E92-B714-DFEF2CC1E3A5}.Debug|Any CPU.Build.0 = Debug|Any CPU
		{BDEEDE32-6E16-4E92-B714-DFEF2CC1E3A5}.Release|Any CPU.ActiveCfg = Release|Any CPU
		{BDEEDE32-6E16-4E92-B714-DFEF2CC1E3A5}.Release|Any CPU.Build.0 = Release|Any CPU
	EndGlobalSection
	GlobalSection(SolutionProperties) = preSolution
		HideSolutionNode = FALSE
	EndGlobalSection
	GlobalSection(ExtensibilityGlobals) = postSolution
		SolutionGuid = {EE01076B-AEAC-4F2D-B2FE-DA91C56259E4}
	EndGlobalSection
EndGlobal
