
Microsoft Visual Studio Solution File, Format Version 12.00
# Visual Studio Version 16
VisualStudioVersion = 16.0.31129.286
MinimumVisualStudioVersion = 10.0.40219.1
Project("{FAE04EC0-301F-11D3-BF4B-00C04F79EFBC}") = "Ch04Ex02", "Ch04Ex02\Ch04Ex02.csproj", "{C6915D87-5728-40E5-A522-213C5290F871}"
EndProject
Global
	GlobalSection(SolutionConfigurationPlatforms) = preSolution
		Debug|Any CPU = Debug|Any CPU
		Release|Any CPU = Release|Any CPU
	EndGlobalSection
	GlobalSection(ProjectConfigurationPlatforms) = postSolution
		{C6915D87-5728-40E5-A522-213C5290F871}.Debug|Any CPU.ActiveCfg = Debug|Any CPU
		{C6915D87-5728-40E5-A522-213C5290F871}.Debug|Any CPU.Build.0 = Debug|Any CPU
		{C6915D87-5728-40E5-A522-213C5290F871}.Release|Any CPU.ActiveCfg = Release|Any CPU
		{C6915D87-5728-40E5-A522-213C5290F871}.Release|Any CPU.Build.0 = Release|Any CPU
	EndGlobalSection
	GlobalSection(SolutionProperties) = preSolution
		HideSolutionNode = FALSE
	EndGlobalSection
	GlobalSection(ExtensibilityGlobals) = postSolution
		SolutionGuid = {74146880-CB31-4D25-8F8F-1D51FC723E3C}
	EndGlobalSection
EndGlobal
