
Microsoft Visual Studio Solution File, Format Version 12.00
# Visual Studio Version 16
VisualStudioVersion = 16.0.31129.286
MinimumVisualStudioVersion = 10.0.40219.1
Project("{FAE04EC0-301F-11D3-BF4B-00C04F79EFBC}") = "Ch04Ex04", "Ch04Ex04\Ch04Ex04.csproj", "{966E81B5-417C-43BC-A4CC-54D7494B05BA}"
EndProject
Global
	GlobalSection(SolutionConfigurationPlatforms) = preSolution
		Debug|Any CPU = Debug|Any CPU
		Release|Any CPU = Release|Any CPU
	EndGlobalSection
	GlobalSection(ProjectConfigurationPlatforms) = postSolution
		{966E81B5-417C-43BC-A4CC-54D7494B05BA}.Debug|Any CPU.ActiveCfg = Debug|Any CPU
		{966E81B5-417C-43BC-A4CC-54D7494B05BA}.Debug|Any CPU.Build.0 = Debug|Any CPU
		{966E81B5-417C-43BC-A4CC-54D7494B05BA}.Release|Any CPU.ActiveCfg = Release|Any CPU
		{966E81B5-417C-43BC-A4CC-54D7494B05BA}.Release|Any CPU.Build.0 = Release|Any CPU
	EndGlobalSection
	GlobalSection(SolutionProperties) = preSolution
		HideSolutionNode = FALSE
	EndGlobalSection
	GlobalSection(ExtensibilityGlobals) = postSolution
		SolutionGuid = {34EFFC6D-4EA5-485E-B6D4-9FA14F47776D}
	EndGlobalSection
EndGlobal
