
Microsoft Visual Studio Solution File, Format Version 12.00
# Visual Studio Version 16
VisualStudioVersion = 16.0.31129.286
MinimumVisualStudioVersion = 10.0.40219.1
Project("{FAE04EC0-301F-11D3-BF4B-00C04F79EFBC}") = "Ch05Ex01", "Ch05Ex01\Ch05Ex01.csproj", "{CA2A8AA4-E6EE-470C-9C6C-955970FBC1A6}"
EndProject
Global
	GlobalSection(SolutionConfigurationPlatforms) = preSolution
		Debug|Any CPU = Debug|Any CPU
		Release|Any CPU = Release|Any CPU
	EndGlobalSection
	GlobalSection(ProjectConfigurationPlatforms) = postSolution
		{CA2A8AA4-E6EE-470C-9C6C-955970FBC1A6}.Debug|Any CPU.ActiveCfg = Debug|Any CPU
		{CA2A8AA4-E6EE-470C-9C6C-955970FBC1A6}.Debug|Any CPU.Build.0 = Debug|Any CPU
		{CA2A8AA4-E6EE-470C-9C6C-955970FBC1A6}.Release|Any CPU.ActiveCfg = Release|Any CPU
		{CA2A8AA4-E6EE-470C-9C6C-955970FBC1A6}.Release|Any CPU.Build.0 = Release|Any CPU
	EndGlobalSection
	GlobalSection(SolutionProperties) = preSolution
		HideSolutionNode = FALSE
	EndGlobalSection
	GlobalSection(ExtensibilityGlobals) = postSolution
		SolutionGuid = {3E9BB70B-95BB-44F5-A66F-045CC5E815AA}
	EndGlobalSection
EndGlobal
