
Microsoft Visual Studio Solution File, Format Version 12.00
# Visual Studio Version 16
VisualStudioVersion = 16.0.31129.286
MinimumVisualStudioVersion = 10.0.40219.1
Project("{FAE04EC0-301F-11D3-BF4B-00C04F79EFBC}") = "ConsoleApp2", "ConsoleApp2\ConsoleApp2.csproj", "{9466D0A3-34FC-407D-8844-B0880FAA6A9A}"
EndProject
Global
	GlobalSection(SolutionConfigurationPlatforms) = preSolution
		Debug|Any CPU = Debug|Any CPU
		Release|Any CPU = Release|Any CPU
	EndGlobalSection
	GlobalSection(ProjectConfigurationPlatforms) = postSolution
		{9466D0A3-34FC-407D-8844-B0880FAA6A9A}.Debug|Any CPU.ActiveCfg = Debug|Any CPU
		{9466D0A3-34FC-407D-8844-B0880FAA6A9A}.Debug|Any CPU.Build.0 = Debug|Any CPU
		{9466D0A3-34FC-407D-8844-B0880FAA6A9A}.Release|Any CPU.ActiveCfg = Release|Any CPU
		{9466D0A3-34FC-407D-8844-B0880FAA6A9A}.Release|Any CPU.Build.0 = Release|Any CPU
	EndGlobalSection
	GlobalSection(SolutionProperties) = preSolution
		HideSolutionNode = FALSE
	EndGlobalSection
	GlobalSection(ExtensibilityGlobals) = postSolution
		SolutionGuid = {1EA3C3D4-24F7-4C83-B9C1-18CA9C1F6FDF}
	EndGlobalSection
EndGlobal
