
Microsoft Visual Studio Solution File, Format Version 12.00
# Visual Studio Version 16
VisualStudioVersion = 16.0.31129.286
MinimumVisualStudioVersion = 10.0.40219.1
Project("{FAE04EC0-301F-11D3-BF4B-00C04F79EFBC}") = "Ch03Ex01", "Ch03Ex01\Ch03Ex01.csproj", "{ECE318C1-EA8C-48AE-923E-8812EA8A7EF4}"
EndProject
Global
	GlobalSection(SolutionConfigurationPlatforms) = preSolution
		Debug|Any CPU = Debug|Any CPU
		Release|Any CPU = Release|Any CPU
	EndGlobalSection
	GlobalSection(ProjectConfigurationPlatforms) = postSolution
		{ECE318C1-EA8C-48AE-923E-8812EA8A7EF4}.Debug|Any CPU.ActiveCfg = Debug|Any CPU
		{ECE318C1-EA8C-48AE-923E-8812EA8A7EF4}.Debug|Any CPU.Build.0 = Debug|Any CPU
		{ECE318C1-EA8C-48AE-923E-8812EA8A7EF4}.Release|Any CPU.ActiveCfg = Release|Any CPU
		{ECE318C1-EA8C-48AE-923E-8812EA8A7EF4}.Release|Any CPU.Build.0 = Release|Any CPU
	EndGlobalSection
	GlobalSection(SolutionProperties) = preSolution
		HideSolutionNode = FALSE
	EndGlobalSection
	GlobalSection(ExtensibilityGlobals) = postSolution
		SolutionGuid = {82962638-A26F-4B9B-99C6-A4F0DC910DB6}
	EndGlobalSection
EndGlobal
