
Microsoft Visual Studio Solution File, Format Version 12.00
# Visual Studio Version 16
VisualStudioVersion = 16.0.31410.357
MinimumVisualStudioVersion = 10.0.40219.1
Project("{FAE04EC0-301F-11D3-BF4B-00C04F79EFBC}") = "SquirrelCardGame", "SquirrelCardGame\SquirrelCardGame.csproj", "{A0EFC7D1-DB71-4352-B8C7-BFB8F2887309}"
EndProject
Global
	GlobalSection(SolutionConfigurationPlatforms) = preSolution
		Debug|Any CPU = Debug|Any CPU
		Release|Any CPU = Release|Any CPU
	EndGlobalSection
	GlobalSection(ProjectConfigurationPlatforms) = postSolution
		{A0EFC7D1-DB71-4352-B8C7-BFB8F2887309}.Debug|Any CPU.ActiveCfg = Debug|Any CPU
		{A0EFC7D1-DB71-4352-B8C7-BFB8F2887309}.Debug|Any CPU.Build.0 = Debug|Any CPU
		{A0EFC7D1-DB71-4352-B8C7-BFB8F2887309}.Release|Any CPU.ActiveCfg = Release|Any CPU
		{A0EFC7D1-DB71-4352-B8C7-BFB8F2887309}.Release|Any CPU.Build.0 = Release|Any CPU
	EndGlobalSection
	GlobalSection(SolutionProperties) = preSolution
		HideSolutionNode = FALSE
	EndGlobalSection
	GlobalSection(ExtensibilityGlobals) = postSolution
		SolutionGuid = {826FD0F0-B943-483A-B194-A06461B17BD4}
	EndGlobalSection
EndGlobal
